// !$*UTF8*$!
{
	archiveVersion = 1;
	classes = {
	};
	objectVersion = 48;
	objects = {

/* Begin PBXBuildFile section */
		EE47D389206C8E9B006FEA3C /* AppDelegate.m in Sources */ = {isa = PBXBuildFile; fileRef = EE47D388206C8E9B006FEA3C /* AppDelegate.m */; };
		EE47D38C206C8E9B006FEA3C /* ViewController.m in Sources */ = {isa = PBXBuildFile; fileRef = EE47D38B206C8E9B006FEA3C /* ViewController.m */; };
		EE47D38F206C8E9B006FEA3C /* Main.storyboard in Resources */ = {isa = PBXBuildFile; fileRef = EE47D38D206C8E9B006FEA3C /* Main.storyboard */; };
		EE47D391206C8E9B006FEA3C /* Assets.xcassets in Resources */ = {isa = PBXBuildFile; fileRef = EE47D390206C8E9B006FEA3C /* Assets.xcassets */; };
		EE47D394206C8E9B006FEA3C /* LaunchScreen.storyboard in Resources */ = {isa = PBXBuildFile; fileRef = EE47D392206C8E9B006FEA3C /* LaunchScreen.storyboard */; };
		EE47D397206C8E9B006FEA3C /* main.m in Sources */ = {isa = PBXBuildFile; fileRef = EE47D396206C8E9B006FEA3C /* main.m */; };
		EE47D3A1206C8E9B006FEA3C /* ChartTests.m in Sources */ = {isa = PBXBuildFile; fileRef = EE47D3A0206C8E9B006FEA3C /* ChartTests.m */; };
		EE47D3AC206C8E9B006FEA3C /* ChartUITests.m in Sources */ = {isa = PBXBuildFile; fileRef = EE47D3AB206C8E9B006FEA3C /* ChartUITests.m */; };
		EE47D3BB206C8EBF006FEA3C /* ChartView.m in Sources */ = {isa = PBXBuildFile; fileRef = EE47D3BA206C8EBF006FEA3C /* ChartView.m */; };
		EE47D3BE206C9007006FEA3C /* YAxleView.m in Sources */ = {isa = PBXBuildFile; fileRef = EE47D3BD206C9007006FEA3C /* YAxleView.m */; };
		EE4C7C882076684C0029CCD3 /* TNCicleChartView.m in Sources */ = {isa = PBXBuildFile; fileRef = EE4C7C872076684C0029CCD3 /* TNCicleChartView.m */; };
		EE4C7C8B207725300029CCD3 /* TNLineChartView.m in Sources */ = {isa = PBXBuildFile; fileRef = EE4C7C8A207725300029CCD3 /* TNLineChartView.m */; };
/* End PBXBuildFile section */

/* Begin PBXContainerItemProxy section */
		EE47D39D206C8E9B006FEA3C /* PBXContainerItemProxy */ = {
			isa = PBXContainerItemProxy;
			containerPortal = EE47D37C206C8E9B006FEA3C /* Project object */;
			proxyType = 1;
			remoteGlobalIDString = EE47D383206C8E9B006FEA3C;
			remoteInfo = Chart;
		};
		EE47D3A8206C8E9B006FEA3C /* PBXContainerItemProxy */ = {
			isa = PBXContainerItemProxy;
			containerPortal = EE47D37C206C8E9B006FEA3C /* Project object */;
			proxyType = 1;
			remoteGlobalIDString = EE47D383206C8E9B006FEA3C;
			remoteInfo = Chart;
		};
/* End PBXContainerItemProxy section */

/* Begin PBXFileReference section */
		EE47D384206C8E9B006FEA3C /* Chart.app */ = {isa = PBXFileReference; explicitFileType = wrapper.application; includeInIndex = 0; path = Chart.app; sourceTree = BUILT_PRODUCTS_DIR; };
		EE47D387206C8E9B006FEA3C /* AppDelegate.h */ = {isa = PBXFileReference; lastKnownFileType = sourcecode.c.h; path = AppDelegate.h; sourceTree = "<group>"; };
		EE47D388206C8E9B006FEA3C /* AppDelegate.m */ = {isa = PBXFileReference; lastKnownFileType = sourcecode.c.objc; path = AppDelegate.m; sourceTree = "<group>"; };
		EE47D38A206C8E9B006FEA3C /* ViewController.h */ = {isa = PBXFileReference; lastKnownFileType = sourcecode.c.h; path = ViewController.h; sourceTree = "<group>"; };
		EE47D38B206C8E9B006FEA3C /* ViewController.m */ = {isa = PBXFileReference; lastKnownFileType = sourcecode.c.objc; path = ViewController.m; sourceTree = "<group>"; };
		EE47D38E206C8E9B006FEA3C /* Base */ = {isa = PBXFileReference; lastKnownFileType = file.storyboard; name = Base; path = Base.lproj/Main.storyboard; sourceTree = "<group>"; };
		EE47D390206C8E9B006FEA3C /* Assets.xcassets */ = {isa = PBXFileReference; lastKnownFileType = folder.assetcatalog; path = Assets.xcassets; sourceTree = "<group>"; };
		EE47D393206C8E9B006FEA3C /* Base */ = {isa = PBXFileReference; lastKnownFileType = file.storyboard; name = Base; path = Base.lproj/LaunchScreen.storyboard; sourceTree = "<group>"; };
		EE47D395206C8E9B006FEA3C /* Info.plist */ = {isa = PBXFileReference; lastKnownFileType = text.plist.xml; path = Info.plist; sourceTree = "<group>"; };
		EE47D396206C8E9B006FEA3C /* main.m */ = {isa = PBXFileReference; lastKnownFileType = sourcecode.c.objc; path = main.m; sourceTree = "<group>"; };
		EE47D39C206C8E9B006FEA3C /* ChartTests.xctest */ = {isa = PBXFileReference; explicitFileType = wrapper.cfbundle; includeInIndex = 0; path = ChartTests.xctest; sourceTree = BUILT_PRODUCTS_DIR; };
		EE47D3A0206C8E9B006FEA3C /* ChartTests.m */ = {isa = PBXFileReference; lastKnownFileType = sourcecode.c.objc; path = ChartTests.m; sourceTree = "<group>"; };
		EE47D3A2206C8E9B006FEA3C /* Info.plist */ = {isa = PBXFileReference; lastKnownFileType = text.plist.xml; path = Info.plist; sourceTree = "<group>"; };
		EE47D3A7206C8E9B006FEA3C /* ChartUITests.xctest */ = {isa = PBXFileReference; explicitFileType = wrapper.cfbundle; includeInIndex = 0; path = ChartUITests.xctest; sourceTree = BUILT_PRODUCTS_DIR; };
		EE47D3AB206C8E9B006FEA3C /* ChartUITests.m */ = {isa = PBXFileReference; lastKnownFileType = sourcecode.c.objc; path = ChartUITests.m; sourceTree = "<group>"; };
		EE47D3AD206C8E9B006FEA3C /* Info.plist */ = {isa = PBXFileReference; lastKnownFileType = text.plist.xml; path = Info.plist; sourceTree = "<group>"; };
		EE47D3B9206C8EBF006FEA3C /* ChartView.h */ = {isa = PBXFileReference; lastKnownFileType = sourcecode.c.h; path = ChartView.h; sourceTree = "<group>"; };
		EE47D3BA206C8EBF006FEA3C /* ChartView.m */ = {isa = PBXFileReference; lastKnownFileType = sourcecode.c.objc; path = ChartView.m; sourceTree = "<group>"; };
		EE47D3BC206C9007006FEA3C /* YAxleView.h */ = {isa = PBXFileReference; lastKnownFileType = sourcecode.c.h; path = YAxleView.h; sourceTree = "<group>"; };
		EE47D3BD206C9007006FEA3C /* YAxleView.m */ = {isa = PBXFileReference; lastKnownFileType = sourcecode.c.objc; path = YAxleView.m; sourceTree = "<group>"; };
		EE4C7C862076684C0029CCD3 /* TNCicleChartView.h */ = {isa = PBXFileReference; lastKnownFileType = sourcecode.c.h; path = TNCicleChartView.h; sourceTree = "<group>"; };
		EE4C7C872076684C0029CCD3 /* TNCicleChartView.m */ = {isa = PBXFileReference; lastKnownFileType = sourcecode.c.objc; path = TNCicleChartView.m; sourceTree = "<group>"; };
		EE4C7C89207725300029CCD3 /* TNLineChartView.h */ = {isa = PBXFileReference; lastKnownFileType = sourcecode.c.h; path = TNLineChartView.h; sourceTree = "<group>"; };
		EE4C7C8A207725300029CCD3 /* TNLineChartView.m */ = {isa = PBXFileReference; lastKnownFileType = sourcecode.c.objc; path = TNLineChartView.m; sourceTree = "<group>"; };
/* End PBXFileReference section */

/* Begin PBXFrameworksBuildPhase section */
		EE47D381206C8E9B006FEA3C /* Frameworks */ = {
			isa = PBXFrameworksBuildPhase;
			buildActionMask = 2147483647;
			files = (
			);
			runOnlyForDeploymentPostprocessing = 0;
		};
		EE47D399206C8E9B006FEA3C /* Frameworks */ = {
			isa = PBXFrameworksBuildPhase;
			buildActionMask = 2147483647;
			files = (
			);
			runOnlyForDeploymentPostprocessing = 0;
		};
		EE47D3A4206C8E9B006FEA3C /* Frameworks */ = {
			isa = PBXFrameworksBuildPhase;
			buildActionMask = 2147483647;
			files = (
			);
			runOnlyForDeploymentPostprocessing = 0;
		};
/* End PBXFrameworksBuildPhase section */

/* Begin PBXGroup section */
		EE47D37B206C8E9B006FEA3C = {
			isa = PBXGroup;
			children = (
				EE47D386206C8E9B006FEA3C /* Chart */,
				EE47D39F206C8E9B006FEA3C /* ChartTests */,
				EE47D3AA206C8E9B006FEA3C /* ChartUITests */,
				EE47D385206C8E9B006FEA3C /* Products */,
			);
			sourceTree = "<group>";
		};
		EE47D385206C8E9B006FEA3C /* Products */ = {
			isa = PBXGroup;
			children = (
				EE47D384206C8E9B006FEA3C /* Chart.app */,
				EE47D39C206C8E9B006FEA3C /* ChartTests.xctest */,
				EE47D3A7206C8E9B006FEA3C /* ChartUITests.xctest */,
			);
			name = Products;
			sourceTree = "<group>";
		};
		EE47D386206C8E9B006FEA3C /* Chart */ = {
			isa = PBXGroup;
			children = (
				EE47D387206C8E9B006FEA3C /* AppDelegate.h */,
				EE47D388206C8E9B006FEA3C /* AppDelegate.m */,
				EE47D38A206C8E9B006FEA3C /* ViewController.h */,
				EE47D38B206C8E9B006FEA3C /* ViewController.m */,
				EE47D3B9206C8EBF006FEA3C /* ChartView.h */,
				EE47D3BA206C8EBF006FEA3C /* ChartView.m */,
				EE4C7C862076684C0029CCD3 /* TNCicleChartView.h */,
				EE4C7C872076684C0029CCD3 /* TNCicleChartView.m */,
				EE4C7C89207725300029CCD3 /* TNLineChartView.h */,
				EE4C7C8A207725300029CCD3 /* TNLineChartView.m */,
				EE47D3BC206C9007006FEA3C /* YAxleView.h */,
				EE47D3BD206C9007006FEA3C /* YAxleView.m */,
				EE47D38D206C8E9B006FEA3C /* Main.storyboard */,
				EE47D390206C8E9B006FEA3C /* Assets.xcassets */,
				EE47D392206C8E9B006FEA3C /* LaunchScreen.storyboard */,
				EE47D395206C8E9B006FEA3C /* Info.plist */,
				EE47D396206C8E9B006FEA3C /* main.m */,
			);
			path = Chart;
			sourceTree = "<group>";
		};
		EE47D39F206C8E9B006FEA3C /* ChartTests */ = {
			isa = PBXGroup;
			children = (
				EE47D3A0206C8E9B006FEA3C /* ChartTests.m */,
				EE47D3A2206C8E9B006FEA3C /* Info.plist */,
			);
			path = ChartTests;
			sourceTree = "<group>";
		};
		EE47D3AA206C8E9B006FEA3C /* ChartUITests */ = {
			isa = PBXGroup;
			children = (
				EE47D3AB206C8E9B006FEA3C /* ChartUITests.m */,
				EE47D3AD206C8E9B006FEA3C /* Info.plist */,
			);
			path = ChartUITests;
			sourceTree = "<group>";
		};
/* End PBXGroup section */

/* Begin PBXNativeTarget section */
		EE47D383206C8E9B006FEA3C /* Chart */ = {
			isa = PBXNativeTarget;
			buildConfigurationList = EE47D3B0206C8E9B006FEA3C /* Build configuration list for PBXNativeTarget "Chart" */;
			buildPhases = (
				EE47D380206C8E9B006FEA3C /* Sources */,
				EE47D381206C8E9B006FEA3C /* Frameworks */,
				EE47D382206C8E9B006FEA3C /* Resources */,
			);
			buildRules = (
			);
			dependencies = (
			);
			name = Chart;
			productName = Chart;
			productReference = EE47D384206C8E9B006FEA3C /* Chart.app */;
			productType = "com.apple.product-type.application";
		};
		EE47D39B206C8E9B006FEA3C /* ChartTests */ = {
			isa = PBXNativeTarget;
			buildConfigurationList = EE47D3B3206C8E9B006FEA3C /* Build configuration list for PBXNativeTarget "ChartTests" */;
			buildPhases = (
				EE47D398206C8E9B006FEA3C /* Sources */,
				EE47D399206C8E9B006FEA3C /* Frameworks */,
				EE47D39A206C8E9B006FEA3C /* Resources */,
			);
			buildRules = (
			);
			dependencies = (
				EE47D39E206C8E9B006FEA3C /* PBXTargetDependency */,
			);
			name = ChartTests;
			productName = ChartTests;
			productReference = EE47D39C206C8E9B006FEA3C /* ChartTests.xctest */;
			productType = "com.apple.product-type.bundle.unit-test";
		};
		EE47D3A6206C8E9B006FEA3C /* ChartUITests */ = {
			isa = PBXNativeTarget;
			buildConfigurationList = EE47D3B6206C8E9B006FEA3C /* Build configuration list for PBXNativeTarget "ChartUITests" */;
			buildPhases = (
				EE47D3A3206C8E9B006FEA3C /* Sources */,
				EE47D3A4206C8E9B006FEA3C /* Frameworks */,
				EE47D3A5206C8E9B006FEA3C /* Resources */,
			);
			buildRules = (
			);
			dependencies = (
				EE47D3A9206C8E9B006FEA3C /* PBXTargetDependency */,
			);
			name = ChartUITests;
			productName = ChartUITests;
			productReference = EE47D3A7206C8E9B006FEA3C /* ChartUITests.xctest */;
			productType = "com.apple.product-type.bundle.ui-testing";
		};
/* End PBXNativeTarget section */

/* Begin PBXProject section */
		EE47D37C206C8E9B006FEA3C /* Project object */ = {
			isa = PBXProject;
			attributes = {
				LastUpgradeCheck = 0920;
				ORGANIZATIONNAME = TigerNong;
				TargetAttributes = {
					EE47D383206C8E9B006FEA3C = {
						CreatedOnToolsVersion = 9.2;
						ProvisioningStyle = Automatic;
					};
					EE47D39B206C8E9B006FEA3C = {
						CreatedOnToolsVersion = 9.2;
						ProvisioningStyle = Automatic;
						TestTargetID = EE47D383206C8E9B006FEA3C;
					};
					EE47D3A6206C8E9B006FEA3C = {
						CreatedOnToolsVersion = 9.2;
						ProvisioningStyle = Automatic;
						TestTargetID = EE47D383206C8E9B006FEA3C;
					};
				};
			};
			buildConfigurationList = EE47D37F206C8E9B006FEA3C /* Build configuration list for PBXProject "Chart" */;
			compatibilityVersion = "Xcode 8.0";
			developmentRegion = en;
			hasScannedForEncodings = 0;
			knownRegions = (
				en,
				Base,
			);
			mainGroup = EE47D37B206C8E9B006FEA3C;
			productRefGroup = EE47D385206C8E9B006FEA3C /* Products */;
			projectDirPath = "";
			projectRoot = "";
			targets = (
				EE47D383206C8E9B006FEA3C /* Chart */,
				EE47D39B206C8E9B006FEA3C /* ChartTests */,
				EE47D3A6206C8E9B006FEA3C /* ChartUITests */,
			);
		};
/* End PBXProject section */

/* Begin PBXResourcesBuildPhase section */
		EE47D382206C8E9B006FEA3C /* Resources */ = {
			isa = PBXResourcesBuildPhase;
			buildActionMask = 2147483647;
			files = (
				EE47D394206C8E9B006FEA3C /* LaunchScreen.storyboard in Resources */,
				EE47D391206C8E9B006FEA3C /* Assets.xcassets in Resources */,
				EE47D38F206C8E9B006FEA3C /* Main.storyboard in Resources */,
			);
			runOnlyForDeploymentPostprocessing = 0;
		};
		EE47D39A206C8E9B006FEA3C /* Resources */ = {
			isa = PBXResourcesBuildPhase;
			buildActionMask = 2147483647;
			files = (
			);
			runOnlyForDeploymentPostprocessing = 0;
		};
		EE47D3A5206C8E9B006FEA3C /* Resources */ = {
			isa = PBXResourcesBuildPhase;
			buildActionMask = 2147483647;
			files = (
			);
			runOnlyForDeploymentPostprocessing = 0;
		};
/* End PBXResourcesBuildPhase section */

/* Begin PBXSourcesBuildPhase section */
		EE47D380206C8E9B006FEA3C /* Sources */ = {
			isa = PBXSourcesBuildPhase;
			buildActionMask = 2147483647;
			files = (
				EE47D38C206C8E9B006FEA3C /* ViewController.m in Sources */,
				EE47D3BE206C9007006FEA3C /* YAxleView.m in Sources */,
				EE4C7C882076684C0029CCD3 /* TNCicleChartView.m in Sources */,
				EE47D397206C8E9B006FEA3C /* main.m in Sources */,
				EE47D389206C8E9B006FEA3C /* AppDelegate.m in Sources */,
				EE4C7C8B207725300029CCD3 /* TNLineChartView.m in Sources */,
				EE47D3BB206C8EBF006FEA3C /* ChartView.m in Sources */,
			);
			runOnlyForDeploymentPostprocessing = 0;
		};
		EE47D398206C8E9B006FEA3C /* Sources */ = {
			isa = PBXSourcesBuildPhase;
			buildActionMask = 2147483647;
			files = (
				EE47D3A1206C8E9B006FEA3C /* ChartTests.m in Sources */,
			);
			runOnlyForDeploymentPostprocessing = 0;
		};
		EE47D3A3206C8E9B006FEA3C /* Sources */ = {
			isa = PBXSourcesBuildPhase;
			buildActionMask = 2147483647;
			files = (
				EE47D3AC206C8E9B006FEA3C /* ChartUITests.m in Sources */,
			);
			runOnlyForDeploymentPostprocessing = 0;
		};
/* End PBXSourcesBuildPhase section */

/* Begin PBXTargetDependency section */
		EE47D39E206C8E9B006FEA3C /* PBXTargetDependency */ = {
			isa = PBXTargetDependency;
			target = EE47D383206C8E9B006FEA3C /* Chart */;
			targetProxy = EE47D39D206C8E9B006FEA3C /* PBXContainerItemProxy */;
		};
		EE47D3A9206C8E9B006FEA3C /* PBXTargetDependency */ = {
			isa = PBXTargetDependency;
			target = EE47D383206C8E9B006FEA3C /* Chart */;
			targetProxy = EE47D3A8206C8E9B006FEA3C /* PBXContainerItemProxy */;
		};
/* End PBXTargetDependency section */

/* Begin PBXVariantGroup section */
		EE47D38D206C8E9B006FEA3C /* Main.storyboard */ = {
			isa = PBXVariantGroup;
			children = (
				EE47D38E206C8E9B006FEA3C /* Base */,
			);
			name = Main.storyboard;
			sourceTree = "<group>";
		};
		EE47D392206C8E9B006FEA3C /* LaunchScreen.storyboard */ = {
			isa = PBXVariantGroup;
			children = (
				EE47D393206C8E9B006FEA3C /* Base */,
			);
			name = LaunchScreen.storyboard;
			sourceTree = "<group>";
		};
/* End PBXVariantGroup section */

/* Begin XCBuildConfiguration section */
		EE47D3AE206C8E9B006FEA3C /* Debug */ = {
			isa = XCBuildConfiguration;
			buildSettings = {
				ALWAYS_SEARCH_USER_PATHS = NO;
				CLANG_ANALYZER_NONNULL = YES;
				CLANG_ANALYZER_NUMBER_OBJECT_CONVERSION = YES_AGGRESSIVE;
				CLANG_CXX_LANGUAGE_STANDARD = "gnu++14";
				CLANG_CXX_LIBRARY = "libc++";
				CLANG_ENABLE_MODULES = YES;
				CLANG_ENABLE_OBJC_ARC = YES;
				CLANG_WARN_BLOCK_CAPTURE_AUTORELEASING = YES;
				CLANG_WARN_BOOL_CONVERSION = YES;
				CLANG_WARN_COMMA = YES;
				CLANG_WARN_CONSTANT_CONVERSION = YES;
				CLANG_WARN_DIRECT_OBJC_ISA_USAGE = YES_ERROR;
				CLANG_WARN_DOCUMENTATION_COMMENTS = YES;
				CLANG_WARN_EMPTY_BODY = YES;
				CLANG_WARN_ENUM_CONVERSION = YES;
				CLANG_WARN_INFINITE_RECURSION = YES;
				CLANG_WARN_INT_CONVERSION = YES;
				CLANG_WARN_NON_LITERAL_NULL_CONVERSION = YES;
				CLANG_WARN_OBJC_LITERAL_CONVERSION = YES;
				CLANG_WARN_OBJC_ROOT_CLASS = YES_ERROR;
				CLANG_WARN_RANGE_LOOP_ANALYSIS = YES;
				CLANG_WARN_STRICT_PROTOTYPES = YES;
				CLANG_WARN_SUSPICIOUS_MOVE = YES;
				CLANG_WARN_UNGUARDED_AVAILABILITY = YES_AGGRESSIVE;
				CLANG_WARN_UNREACHABLE_CODE = YES;
				CLANG_WARN__DUPLICATE_METHOD_MATCH = YES;
				CODE_SIGN_IDENTITY = "iPhone Developer";
				COPY_PHASE_STRIP = NO;
				DEBUG_INFORMATION_FORMAT = dwarf;
				ENABLE_STRICT_OBJC_MSGSEND = YES;
				ENABLE_TESTABILITY = YES;
				GCC_C_LANGUAGE_STANDARD = gnu11;
				GCC_DYNAMIC_NO_PIC = NO;
				GCC_NO_COMMON_BLOCKS = YES;
				GCC_OPTIMIZATION_LEVEL = 0;
				GCC_PREPROCESSOR_DEFINITIONS = (
					"DEBUG=1",
					"$(inherited)",
				);
				GCC_WARN_64_TO_32_BIT_CONVERSION = YES;
				GCC_WARN_ABOUT_RETURN_TYPE = YES_ERROR;
				GCC_WARN_UNDECLARED_SELECTOR = YES;
				GCC_WARN_UNINITIALIZED_AUTOS = YES_AGGRESSIVE;
				GCC_WARN_UNUSED_FUNCTION = YES;
				GCC_WARN_UNUSED_VARIABLE = YES;
				IPHONEOS_DEPLOYMENT_TARGET = 11.2;
				MTL_ENABLE_DEBUG_INFO = YES;
				ONLY_ACTIVE_ARCH = YES;
				SDKROOT = iphoneos;
			};
			name = Debug;
		};
		EE47D3AF206C8E9B006FEA3C /* Release */ = {
			isa = XCBuildConfiguration;
			buildSettings = {
				ALWAYS_SEARCH_USER_PATHS = NO;
				CLANG_ANALYZER_NONNULL = YES;
				CLANG_ANALYZER_NUMBER_OBJECT_CONVERSION = YES_AGGRESSIVE;
				CLANG_CXX_LANGUAGE_STANDARD = "gnu++14";
				CLANG_CXX_LIBRARY = "libc++";
				CLANG_ENABLE_MODULES = YES;
				CLANG_ENABLE_OBJC_ARC = YES;
				CLANG_WARN_BLOCK_CAPTURE_AUTORELEASING = YES;
				CLANG_WARN_BOOL_CONVERSION = YES;
				CLANG_WARN_COMMA = YES;
				CLANG_WARN_CONSTANT_CONVERSION = YES;
				CLANG_WARN_DIRECT_OBJC_ISA_USAGE = YES_ERROR;
				CLANG_WARN_DOCUMENTATION_COMMENTS = YES;
				CLANG_WARN_EMPTY_BODY = YES;
				CLANG_WARN_ENUM_CONVERSION = YES;
				CLANG_WARN_INFINITE_RECURSION = YES;
				CLANG_WARN_INT_CONVERSION = YES;
				CLANG_WARN_NON_LITERAL_NULL_CONVERSION = YES;
				CLANG_WARN_OBJC_LITERAL_CONVERSION = YES;
				CLANG_WARN_OBJC_ROOT_CLASS = YES_ERROR;
				CLANG_WARN_RANGE_LOOP_ANALYSIS = YES;
				CLANG_WARN_STRICT_PROTOTYPES = YES;
				CLANG_WARN_SUSPICIOUS_MOVE = YES;
				CLANG_WARN_UNGUARDED_AVAILABILITY = YES_AGGRESSIVE;
				CLANG_WARN_UNREACHABLE_CODE = YES;
				CLANG_WARN__DUPLICATE_METHOD_MATCH = YES;
				CODE_SIGN_IDENTITY = "iPhone Developer";
				COPY_PHASE_STRIP = NO;
				DEBUG_INFORMATION_FORMAT = "dwarf-with-dsym";
				ENABLE_NS_ASSERTIONS = NO;
				ENABLE_STRICT_OBJC_MSGSEND = YES;
				GCC_C_LANGUAGE_STANDARD = gnu11;
				GCC_NO_COMMON_BLOCKS = YES;
				GCC_WARN_64_TO_32_BIT_CONVERSION = YES;
				GCC_WARN_ABOUT_RETURN_TYPE = YES_ERROR;
				GCC_WARN_UNDECLARED_SELECTOR = YES;
				GCC_WARN_UNINITIALIZED_AUTOS = YES_AGGRESSIVE;
				GCC_WARN_UNUSED_FUNCTION = YES;
				GCC_WARN_UNUSED_VARIABLE = YES;
				IPHONEOS_DEPLOYMENT_TARGET = 11.2;
				MTL_ENABLE_DEBUG_INFO = NO;
				SDKROOT = iphoneos;
				VALIDATE_PRODUCT = YES;
			};
			name = Release;
		};
		EE47D3B1206C8E9B006FEA3C /* Debug */ = {
			isa = XCBuildConfiguration;
			buildSettings = {
				ASSETCATALOG_COMPILER_APPICON_NAME = AppIcon;
				CODE_SIGN_STYLE = Automatic;
				INFOPLIST_FILE = Chart/Info.plist;
				LD_RUNPATH_SEARCH_PATHS = "$(inherited) @executable_path/Frameworks";
				PRODUCT_BUNDLE_IDENTIFIER = tiger.Chart;
				PRODUCT_NAME = "$(TARGET_NAME)";
				TARGETED_DEVICE_FAMILY = "1,2";
			};
			name = Debug;
		};
		EE47D3B2206C8E9B006FEA3C /* Release */ = {
			isa = XCBuildConfiguration;
			buildSettings = {
				ASSETCATALOG_COMPILER_APPICON_NAME = AppIcon;
				CODE_SIGN_STYLE = Automatic;
				INFOPLIST_FILE = Chart/Info.plist;
				LD_RUNPATH_SEARCH_PATHS = "$(inherited) @executable_path/Frameworks";
				PRODUCT_BUNDLE_IDENTIFIER = tiger.Chart;
				PRODUCT_NAME = "$(TARGET_NAME)";
				TARGETED_DEVICE_FAMILY = "1,2";
			};
			name = Release;
		};
		EE47D3B4206C8E9B006FEA3C /* Debug */ = {
			isa = XCBuildConfiguration;
			buildSettings = {
				BUNDLE_LOADER = "$(TEST_HOST)";
				CODE_SIGN_STYLE = Automatic;
				INFOPLIST_FILE = ChartTests/Info.plist;
				LD_RUNPATH_SEARCH_PATHS = "$(inherited) @executable_path/Frameworks @loader_path/Frameworks";
				PRODUCT_BUNDLE_IDENTIFIER = tiger.ChartTests;
				PRODUCT_NAME = "$(TARGET_NAME)";
				TARGETED_DEVICE_FAMILY = "1,2";
				TEST_HOST = "$(BUILT_PRODUCTS_DIR)/Chart.app/Chart";
			};
			name = Debug;
		};
		EE47D3B5206C8E9B006FEA3C /* Release */ = {
			isa = XCBuildConfiguration;
			buildSettings = {
				BUNDLE_LOADER = "$(TEST_HOST)";
				CODE_SIGN_STYLE = Automatic;
				INFOPLIST_FILE = ChartTests/Info.plist;
				LD_RUNPATH_SEARCH_PATHS = "$(inherited) @executable_path/Frameworks @loader_path/Frameworks";
				PRODUCT_BUNDLE_IDENTIFIER = tiger.ChartTests;
				PRODUCT_NAME = "$(TARGET_NAME)";
				TARGETED_DEVICE_FAMILY = "1,2";
				TEST_HOST = "$(BUILT_PRODUCTS_DIR)/Chart.app/Chart";
			};
			name = Release;
		};
		EE47D3B7206C8E9B006FEA3C /* Debug */ = {
			isa = XCBuildConfiguration;
			buildSettings = {
				CODE_SIGN_STYLE = Automatic;
				INFOPLIST_FILE = ChartUITests/Info.plist;
				LD_RUNPATH_SEARCH_PATHS = "$(inherited) @executable_path/Frameworks @loader_path/Frameworks";
				PRODUCT_BUNDLE_IDENTIFIER = tiger.ChartUITests;
				PRODUCT_NAME = "$(TARGET_NAME)";
				TARGETED_DEVICE_FAMILY = "1,2";
				TEST_TARGET_NAME = Chart;
			};
			name = Debug;
		};
		EE47D3B8206C8E9B006FEA3C /* Release */ = {
			isa = XCBuildConfiguration;
			buildSettings = {
				CODE_SIGN_STYLE = Automatic;
				INFOPLIST_FILE = ChartUITests/Info.plist;
				LD_RUNPATH_SEARCH_PATHS = "$(inherited) @executable_path/Frameworks @loader_path/Frameworks";
				PRODUCT_BUNDLE_IDENTIFIER = tiger.ChartUITests;
				PRODUCT_NAME = "$(TARGET_NAME)";
				TARGETED_DEVICE_FAMILY = "1,2";
				TEST_TARGET_NAME = Chart;
			};
			name = Release;
		};
/* End XCBuildConfiguration section */

/* Begin XCConfigurationList section */
		EE47D37F206C8E9B006FEA3C /* Build configuration list for PBXProject "Chart" */ = {
			isa = XCConfigurationList;
			buildConfigurations = (
				EE47D3AE206C8E9B006FEA3C /* Debug */,
				EE47D3AF206C8E9B006FEA3C /* Release */,
			);
			defaultConfigurationIsVisible = 0;
			defaultConfigurationName = Release;
		};
		EE47D3B0206C8E9B006FEA3C /* Build configuration list for PBXNativeTarget "Chart" */ = {
			isa = XCConfigurationList;
			buildConfigurations = (
				EE47D3B1206C8E9B006FEA3C /* Debug */,
				EE47D3B2206C8E9B006FEA3C /* Release */,
			);
			defaultConfigurationIsVisible = 0;
			defaultConfigurationName = Release;
		};
		EE47D3B3206C8E9B006FEA3C /* Build configuration list for PBXNativeTarget "ChartTests" */ = {
			isa = XCConfigurationList;
			buildConfigurations = (
				EE47D3B4206C8E9B006FEA3C /* Debug */,
				EE47D3B5206C8E9B006FEA3C /* Release */,
			);
			defaultConfigurationIsVisible = 0;
			defaultConfigurationName = Release;
		};
		EE47D3B6206C8E9B006FEA3C /* Build configuration list for PBXNativeTarget "ChartUITests" */ = {
			isa = XCConfigurationList;
			buildConfigurations = (
				EE47D3B7206C8E9B006FEA3C /* Debug */,
				EE47D3B8206C8E9B006FEA3C /* Release */,
			);
			defaultConfigurationIsVisible = 0;
			defaultConfigurationName = Release;
		};
/* End XCConfigurationList section */
	};
	rootObject = EE47D37C206C8E9B006FEA3C /* Project object */;
}
